
Microsoft Visual Studio Solution File, Format Version 12.00
# Visual Studio Version 16
VisualStudioVersion = 16.0.30611.23
MinimumVisualStudioVersion = 10.0.40219.1
Project("{FAE04EC0-301F-11D3-BF4B-00C04F79EFBC}") = "BeSmartMRPSys", "BeSmartMRPSys\BeSmartMRPSys.csproj", "{8D24C004-C357-4509-AD7A-07EA4BC25DC1}"
EndProject
Project("{FAE04EC0-301F-11D3-BF4B-00C04F79EFBC}") = "BeSmartMRP.Data", "BeSmartMRP.Data\BeSmartMRP.Data.csproj", "{D258E92F-0200-4AF2-B63C-3560FA61F963}"
EndProject
Project("{FAE04EC0-301F-11D3-BF4B-00C04F79EFBC}") = "BeSmartMRP", "BeSmartMRP\BeSmartMRP.csproj", "{A89E8383-2CE3-4B0C-BD98-C9A8DC5A0BDF}"
EndProject
Project("{FAE04EC0-301F-11D3-BF4B-00C04F79EFBC}") = "BeSmartMRP.Business", "BeSmartMRP.Business\BeSmartMRP.Business.csproj", "{99D80DE4-B6F9-4E33-86DC-7AB267387253}"
EndProject
Project("{FAE04EC0-301F-11D3-BF4B-00C04F79EFBC}") = "BeSmartMRP.Report", "BeSmartMRP.Report\BeSmartMRP.Report.csproj", "{67E4E8AD-23C4-4C45-8235-A5E5CCBB6772}"
EndProject
Project("{FAE04EC0-301F-11D3-BF4B-00C04F79EFBC}") = "BeSmartPOS", "BeSmartPOS\BeSmartPOS.csproj", "{855446DC-966F-43FD-89CA-C64495AC75DF}"
EndProject
Project("{FAE04EC0-301F-11D3-BF4B-00C04F79EFBC}") = "BeSmartPOSBackOffice", "BeSmartPOSBackOffice\BeSmartPOSBackOffice.csproj", "{EC310AE4-05E6-4AFD-9397-98FBD5483E7D}"
EndProject
Project("{FAE04EC0-301F-11D3-BF4B-00C04F79EFBC}") = "BeSmartSysncData", "BeSmartSysncData\BeSmartSysncData.csproj", "{8F1C625A-B464-42E2-89B5-3038910F804C}"
EndProject
Project("{FAE04EC0-301F-11D3-BF4B-00C04F79EFBC}") = "BeSmartSysncDataEx", "BeSmartSysncDataEx\BeSmartSysncDataEx.csproj", "{DBFD0AC9-0BBA-4BB1-AA77-FA368C5E7D22}"
EndProject
Project("{2150E333-8FDC-42A3-9474-1A3956D46DE8}") = "BeSmart Sysnc Service", "BeSmart Sysnc Service", "{7155D5A5-DD9B-446F-8539-6E9CEE7005CA}"
EndProject
Project("{FAE04EC0-301F-11D3-BF4B-00C04F79EFBC}") = "BeSmartSysncDataIm", "BeSmartSysncDataIm\BeSmartSysncDataIm.csproj", "{0E7569DE-7FB9-4C7D-8049-77DA898BF0DA}"
EndProject
Project("{FAE04EC0-301F-11D3-BF4B-00C04F79EFBC}") = "BeSmartWebApp", "BeSmartWebApp\BeSmartWebApp.csproj", "{1F5D209D-0F2F-4860-AB9F-9F427D651A60}"
EndProject
Project("{54435603-DBB4-11D2-8724-00A0C9A8B90C}") = "Install", "Install\Install.vdproj", "{FDBF295F-100D-4DDC-8512-630847A0EBD7}"
EndProject
Global
	GlobalSection(SolutionConfigurationPlatforms) = preSolution
		CD_ROM|Any CPU = CD_ROM|Any CPU
		CD_ROM|Mixed Platforms = CD_ROM|Mixed Platforms
		CD_ROM|x86 = CD_ROM|x86
		Debug|Any CPU = Debug|Any CPU
		Debug|Mixed Platforms = Debug|Mixed Platforms
		Debug|x86 = Debug|x86
		DVD-5|Any CPU = DVD-5|Any CPU
		DVD-5|Mixed Platforms = DVD-5|Mixed Platforms
		DVD-5|x86 = DVD-5|x86
		Release|Any CPU = Release|Any CPU
		Release|Mixed Platforms = Release|Mixed Platforms
		Release|x86 = Release|x86
		SingleImage|Any CPU = SingleImage|Any CPU
		SingleImage|Mixed Platforms = SingleImage|Mixed Platforms
		SingleImage|x86 = SingleImage|x86
	EndGlobalSection
	GlobalSection(ProjectConfigurationPlatforms) = postSolution
		{8D24C004-C357-4509-AD7A-07EA4BC25DC1}.CD_ROM|Any CPU.ActiveCfg = Release|Any CPU
		{8D24C004-C357-4509-AD7A-07EA4BC25DC1}.CD_ROM|Any CPU.Build.0 = Release|Any CPU
		{8D24C004-C357-4509-AD7A-07EA4BC25DC1}.CD_ROM|Mixed Platforms.ActiveCfg = Release|x86
		{8D24C004-C357-4509-AD7A-07EA4BC25DC1}.CD_ROM|Mixed Platforms.Build.0 = Release|x86
		{8D24C004-C357-4509-AD7A-07EA4BC25DC1}.CD_ROM|x86.ActiveCfg = Release|x86
		{8D24C004-C357-4509-AD7A-07EA4BC25DC1}.CD_ROM|x86.Build.0 = Release|x86
		{8D24C004-C357-4509-AD7A-07EA4BC25DC1}.Debug|Any CPU.ActiveCfg = Debug|x86
		{8D24C004-C357-4509-AD7A-07EA4BC25DC1}.Debug|Any CPU.Build.0 = Debug|x86
		{8D24C004-C357-4509-AD7A-07EA4BC25DC1}.Debug|Mixed Platforms.ActiveCfg = Debug|x86
		{8D24C004-C357-4509-AD7A-07EA4BC25DC1}.Debug|Mixed Platforms.Build.0 = Debug|x86
		{8D24C004-C357-4509-AD7A-07EA4BC25DC1}.Debug|x86.ActiveCfg = Debug|x86
		{8D24C004-C357-4509-AD7A-07EA4BC25DC1}.Debug|x86.Build.0 = Debug|x86
		{8D24C004-C357-4509-AD7A-07EA4BC25DC1}.DVD-5|Any CPU.ActiveCfg = Debug|Any CPU
		{8D24C004-C357-4509-AD7A-07EA4BC25DC1}.DVD-5|Any CPU.Build.0 = Debug|Any CPU
		{8D24C004-C357-4509-AD7A-07EA4BC25DC1}.DVD-5|Mixed Platforms.ActiveCfg = Debug|x86
		{8D24C004-C357-4509-AD7A-07EA4BC25DC1}.DVD-5|Mixed Platforms.Build.0 = Debug|x86
		{8D24C004-C357-4509-AD7A-07EA4BC25DC1}.DVD-5|x86.ActiveCfg = Debug|x86
		{8D24C004-C357-4509-AD7A-07EA4BC25DC1}.DVD-5|x86.Build.0 = Debug|x86
		{8D24C004-C357-4509-AD7A-07EA4BC25DC1}.Release|Any CPU.ActiveCfg = Release|x86
		{8D24C004-C357-4509-AD7A-07EA4BC25DC1}.Release|Any CPU.Build.0 = Release|x86
		{8D24C004-C357-4509-AD7A-07EA4BC25DC1}.Release|Mixed Platforms.ActiveCfg = Release|x86
		{8D24C004-C357-4509-AD7A-07EA4BC25DC1}.Release|Mixed Platforms.Build.0 = Release|x86
		{8D24C004-C357-4509-AD7A-07EA4BC25DC1}.Release|x86.ActiveCfg = Release|x86
		{8D24C004-C357-4509-AD7A-07EA4BC25DC1}.Release|x86.Build.0 = Release|x86
		{8D24C004-C357-4509-AD7A-07EA4BC25DC1}.SingleImage|Any CPU.ActiveCfg = Release|Any CPU
		{8D24C004-C357-4509-AD7A-07EA4BC25DC1}.SingleImage|Any CPU.Build.0 = Release|Any CPU
		{8D24C004-C357-4509-AD7A-07EA4BC25DC1}.SingleImage|Mixed Platforms.ActiveCfg = Release|x86
		{8D24C004-C357-4509-AD7A-07EA4BC25DC1}.SingleImage|Mixed Platforms.Build.0 = Release|x86
		{8D24C004-C357-4509-AD7A-07EA4BC25DC1}.SingleImage|x86.ActiveCfg = Release|x86
		{8D24C004-C357-4509-AD7A-07EA4BC25DC1}.SingleImage|x86.Build.0 = Release|x86
		{D258E92F-0200-4AF2-B63C-3560FA61F963}.CD_ROM|Any CPU.ActiveCfg = Release|Any CPU
		{D258E92F-0200-4AF2-B63C-3560FA61F963}.CD_ROM|Any CPU.Build.0 = Release|Any CPU
		{D258E92F-0200-4AF2-B63C-3560FA61F963}.CD_ROM|Mixed Platforms.ActiveCfg = Release|x86
		{D258E92F-0200-4AF2-B63C-3560FA61F963}.CD_ROM|Mixed Platforms.Build.0 = Release|x86
		{D258E92F-0200-4AF2-B63C-3560FA61F963}.CD_ROM|x86.ActiveCfg = Release|x86
		{D258E92F-0200-4AF2-B63C-3560FA61F963}.CD_ROM|x86.Build.0 = Release|x86
		{D258E92F-0200-4AF2-B63C-3560FA61F963}.Debug|Any CPU.ActiveCfg = Debug|x86
		{D258E92F-0200-4AF2-B63C-3560FA61F963}.Debug|Any CPU.Build.0 = Debug|x86
		{D258E92F-0200-4AF2-B63C-3560FA61F963}.Debug|Mixed Platforms.ActiveCfg = Debug|x86
		{D258E92F-0200-4AF2-B63C-3560FA61F963}.Debug|Mixed Platforms.Build.0 = Debug|x86
		{D258E92F-0200-4AF2-B63C-3560FA61F963}.Debug|x86.ActiveCfg = Debug|x86
		{D258E92F-0200-4AF2-B63C-3560FA61F963}.Debug|x86.Build.0 = Debug|x86
		{D258E92F-0200-4AF2-B63C-3560FA61F963}.DVD-5|Any CPU.ActiveCfg = Debug|Any CPU
		{D258E92F-0200-4AF2-B63C-3560FA61F963}.DVD-5|Any CPU.Build.0 = Debug|Any CPU
		{D258E92F-0200-4AF2-B63C-3560FA61F963}.DVD-5|Mixed Platforms.ActiveCfg = Debug|x86
		{D258E92F-0200-4AF2-B63C-3560FA61F963}.DVD-5|Mixed Platforms.Build.0 = Debug|x86
		{D258E92F-0200-4AF2-B63C-3560FA61F963}.DVD-5|x86.ActiveCfg = Debug|x86
		{D258E92F-0200-4AF2-B63C-3560FA61F963}.DVD-5|x86.Build.0 = Debug|x86
		{D258E92F-0200-4AF2-B63C-3560FA61F963}.Release|Any CPU.ActiveCfg = Release|x86
		{D258E92F-0200-4AF2-B63C-3560FA61F963}.Release|Any CPU.Build.0 = Release|x86
		{D258E92F-0200-4AF2-B63C-3560FA61F963}.Release|Mixed Platforms.ActiveCfg = Release|x86
		{D258E92F-0200-4AF2-B63C-3560FA61F963}.Release|Mixed Platforms.Build.0 = Release|x86
		{D258E92F-0200-4AF2-B63C-3560FA61F963}.Release|x86.ActiveCfg = Release|x86
		{D258E92F-0200-4AF2-B63C-3560FA61F963}.Release|x86.Build.0 = Release|x86
		{D258E92F-0200-4AF2-B63C-3560FA61F963}.SingleImage|Any CPU.ActiveCfg = Release|Any CPU
		{D258E92F-0200-4AF2-B63C-3560FA61F963}.SingleImage|Any CPU.Build.0 = Release|Any CPU
		{D258E92F-0200-4AF2-B63C-3560FA61F963}.SingleImage|Mixed Platforms.ActiveCfg = Release|x86
		{D258E92F-0200-4AF2-B63C-3560FA61F963}.SingleImage|Mixed Platforms.Build.0 = Release|x86
		{D258E92F-0200-4AF2-B63C-3560FA61F963}.SingleImage|x86.ActiveCfg = Release|x86
		{D258E92F-0200-4AF2-B63C-3560FA61F963}.SingleImage|x86.Build.0 = Release|x86
		{A89E8383-2CE3-4B0C-BD98-C9A8DC5A0BDF}.CD_ROM|Any CPU.ActiveCfg = Release|Any CPU
		{A89E8383-2CE3-4B0C-BD98-C9A8DC5A0BDF}.CD_ROM|Any CPU.Build.0 = Release|Any CPU
		{A89E8383-2CE3-4B0C-BD98-C9A8DC5A0BDF}.CD_ROM|Mixed Platforms.ActiveCfg = Release|x86
		{A89E8383-2CE3-4B0C-BD98-C9A8DC5A0BDF}.CD_ROM|Mixed Platforms.Build.0 = Release|x86
		{A89E8383-2CE3-4B0C-BD98-C9A8DC5A0BDF}.CD_ROM|x86.ActiveCfg = Release|x86
		{A89E8383-2CE3-4B0C-BD98-C9A8DC5A0BDF}.CD_ROM|x86.Build.0 = Release|x86
		{A89E8383-2CE3-4B0C-BD98-C9A8DC5A0BDF}.Debug|Any CPU.ActiveCfg = Debug|x86
		{A89E8383-2CE3-4B0C-BD98-C9A8DC5A0BDF}.Debug|Any CPU.Build.0 = Debug|x86
		{A89E8383-2CE3-4B0C-BD98-C9A8DC5A0BDF}.Debug|Mixed Platforms.ActiveCfg = Debug|x86
		{A89E8383-2CE3-4B0C-BD98-C9A8DC5A0BDF}.Debug|Mixed Platforms.Build.0 = Debug|x86
		{A89E8383-2CE3-4B0C-BD98-C9A8DC5A0BDF}.Debug|x86.ActiveCfg = Debug|x86
		{A89E8383-2CE3-4B0C-BD98-C9A8DC5A0BDF}.Debug|x86.Build.0 = Debug|x86
		{A89E8383-2CE3-4B0C-BD98-C9A8DC5A0BDF}.DVD-5|Any CPU.ActiveCfg = Debug|Any CPU
		{A89E8383-2CE3-4B0C-BD98-C9A8DC5A0BDF}.DVD-5|Any CPU.Build.0 = Debug|Any CPU
		{A89E8383-2CE3-4B0C-BD98-C9A8DC5A0BDF}.DVD-5|Mixed Platforms.ActiveCfg = Debug|x86
		{A89E8383-2CE3-4B0C-BD98-C9A8DC5A0BDF}.DVD-5|Mixed Platforms.Build.0 = Debug|x86
		{A89E8383-2CE3-4B0C-BD98-C9A8DC5A0BDF}.DVD-5|x86.ActiveCfg = Debug|x86
		{A89E8383-2CE3-4B0C-BD98-C9A8DC5A0BDF}.DVD-5|x86.Build.0 = Debug|x86
		{A89E8383-2CE3-4B0C-BD98-C9A8DC5A0BDF}.Release|Any CPU.ActiveCfg = Release|x86
		{A89E8383-2CE3-4B0C-BD98-C9A8DC5A0BDF}.Release|Any CPU.Build.0 = Release|x86
		{A89E8383-2CE3-4B0C-BD98-C9A8DC5A0BDF}.Release|Mixed Platforms.ActiveCfg = Release|x86
		{A89E8383-2CE3-4B0C-BD98-C9A8DC5A0BDF}.Release|Mixed Platforms.Build.0 = Release|x86
		{A89E8383-2CE3-4B0C-BD98-C9A8DC5A0BDF}.Release|x86.ActiveCfg = Release|x86
		{A89E8383-2CE3-4B0C-BD98-C9A8DC5A0BDF}.Release|x86.Build.0 = Release|x86
		{A89E8383-2CE3-4B0C-BD98-C9A8DC5A0BDF}.SingleImage|Any CPU.ActiveCfg = Release|Any CPU
		{A89E8383-2CE3-4B0C-BD98-C9A8DC5A0BDF}.SingleImage|Any CPU.Build.0 = Release|Any CPU
		{A89E8383-2CE3-4B0C-BD98-C9A8DC5A0BDF}.SingleImage|Mixed Platforms.ActiveCfg = Release|x86
		{A89E8383-2CE3-4B0C-BD98-C9A8DC5A0BDF}.SingleImage|Mixed Platforms.Build.0 = Release|x86
		{A89E8383-2CE3-4B0C-BD98-C9A8DC5A0BDF}.SingleImage|x86.ActiveCfg = Release|x86
		{A89E8383-2CE3-4B0C-BD98-C9A8DC5A0BDF}.SingleImage|x86.Build.0 = Release|x86
		{99D80DE4-B6F9-4E33-86DC-7AB267387253}.CD_ROM|Any CPU.ActiveCfg = Release|Any CPU
		{99D80DE4-B6F9-4E33-86DC-7AB267387253}.CD_ROM|Any CPU.Build.0 = Release|Any CPU
		{99D80DE4-B6F9-4E33-86DC-7AB267387253}.CD_ROM|Mixed Platforms.ActiveCfg = Release|x86
		{99D80DE4-B6F9-4E33-86DC-7AB267387253}.CD_ROM|Mixed Platforms.Build.0 = Release|x86
		{99D80DE4-B6F9-4E33-86DC-7AB267387253}.CD_ROM|x86.ActiveCfg = Release|x86
		{99D80DE4-B6F9-4E33-86DC-7AB267387253}.CD_ROM|x86.Build.0 = Release|x86
		{99D80DE4-B6F9-4E33-86DC-7AB267387253}.Debug|Any CPU.ActiveCfg = Debug|x86
		{99D80DE4-B6F9-4E33-86DC-7AB267387253}.Debug|Any CPU.Build.0 = Debug|x86
		{99D80DE4-B6F9-4E33-86DC-7AB267387253}.Debug|Mixed Platforms.ActiveCfg = Debug|x86
		{99D80DE4-B6F9-4E33-86DC-7AB267387253}.Debug|Mixed Platforms.Build.0 = Debug|x86
		{99D80DE4-B6F9-4E33-86DC-7AB267387253}.Debug|x86.ActiveCfg = Debug|x86
		{99D80DE4-B6F9-4E33-86DC-7AB267387253}.Debug|x86.Build.0 = Debug|x86
		{99D80DE4-B6F9-4E33-86DC-7AB267387253}.DVD-5|Any CPU.ActiveCfg = Debug|Any CPU
		{99D80DE4-B6F9-4E33-86DC-7AB267387253}.DVD-5|Any CPU.Build.0 = Debug|Any CPU
		{99D80DE4-B6F9-4E33-86DC-7AB267387253}.DVD-5|Mixed Platforms.ActiveCfg = Debug|x86
		{99D80DE4-B6F9-4E33-86DC-7AB267387253}.DVD-5|Mixed Platforms.Build.0 = Debug|x86
		{99D80DE4-B6F9-4E33-86DC-7AB267387253}.DVD-5|x86.ActiveCfg = Debug|x86
		{99D80DE4-B6F9-4E33-86DC-7AB267387253}.DVD-5|x86.Build.0 = Debug|x86
		{99D80DE4-B6F9-4E33-86DC-7AB267387253}.Release|Any CPU.ActiveCfg = Release|x86
		{99D80DE4-B6F9-4E33-86DC-7AB267387253}.Release|Any CPU.Build.0 = Release|x86
		{99D80DE4-B6F9-4E33-86DC-7AB267387253}.Release|Mixed Platforms.ActiveCfg = Release|x86
		{99D80DE4-B6F9-4E33-86DC-7AB267387253}.Release|Mixed Platforms.Build.0 = Release|x86
		{99D80DE4-B6F9-4E33-86DC-7AB267387253}.Release|x86.ActiveCfg = Release|x86
		{99D80DE4-B6F9-4E33-86DC-7AB267387253}.Release|x86.Build.0 = Release|x86
		{99D80DE4-B6F9-4E33-86DC-7AB267387253}.SingleImage|Any CPU.ActiveCfg = Release|Any CPU
		{99D80DE4-B6F9-4E33-86DC-7AB267387253}.SingleImage|Any CPU.Build.0 = Release|Any CPU
		{99D80DE4-B6F9-4E33-86DC-7AB267387253}.SingleImage|Mixed Platforms.ActiveCfg = Release|x86
		{99D80DE4-B6F9-4E33-86DC-7AB267387253}.SingleImage|Mixed Platforms.Build.0 = Release|x86
		{99D80DE4-B6F9-4E33-86DC-7AB267387253}.SingleImage|x86.ActiveCfg = Release|x86
		{99D80DE4-B6F9-4E33-86DC-7AB267387253}.SingleImage|x86.Build.0 = Release|x86
		{67E4E8AD-23C4-4C45-8235-A5E5CCBB6772}.CD_ROM|Any CPU.ActiveCfg = Release|Any CPU
		{67E4E8AD-23C4-4C45-8235-A5E5CCBB6772}.CD_ROM|Any CPU.Build.0 = Release|Any CPU
		{67E4E8AD-23C4-4C45-8235-A5E5CCBB6772}.CD_ROM|Mixed Platforms.ActiveCfg = Release|x86
		{67E4E8AD-23C4-4C45-8235-A5E5CCBB6772}.CD_ROM|Mixed Platforms.Build.0 = Release|x86
		{67E4E8AD-23C4-4C45-8235-A5E5CCBB6772}.CD_ROM|x86.ActiveCfg = Release|x86
		{67E4E8AD-23C4-4C45-8235-A5E5CCBB6772}.CD_ROM|x86.Build.0 = Release|x86
		{67E4E8AD-23C4-4C45-8235-A5E5CCBB6772}.Debug|Any CPU.ActiveCfg = Debug|x86
		{67E4E8AD-23C4-4C45-8235-A5E5CCBB6772}.Debug|Any CPU.Build.0 = Debug|x86
		{67E4E8AD-23C4-4C45-8235-A5E5CCBB6772}.Debug|Mixed Platforms.ActiveCfg = Debug|x86
		{67E4E8AD-23C4-4C45-8235-A5E5CCBB6772}.Debug|Mixed Platforms.Build.0 = Debug|x86
		{67E4E8AD-23C4-4C45-8235-A5E5CCBB6772}.Debug|x86.ActiveCfg = Debug|x86
		{67E4E8AD-23C4-4C45-8235-A5E5CCBB6772}.Debug|x86.Build.0 = Debug|x86
		{67E4E8AD-23C4-4C45-8235-A5E5CCBB6772}.DVD-5|Any CPU.ActiveCfg = Debug|Any CPU
		{67E4E8AD-23C4-4C45-8235-A5E5CCBB6772}.DVD-5|Any CPU.Build.0 = Debug|Any CPU
		{67E4E8AD-23C4-4C45-8235-A5E5CCBB6772}.DVD-5|Mixed Platforms.ActiveCfg = Debug|x86
		{67E4E8AD-23C4-4C45-8235-A5E5CCBB6772}.DVD-5|Mixed Platforms.Build.0 = Debug|x86
		{67E4E8AD-23C4-4C45-8235-A5E5CCBB6772}.DVD-5|x86.ActiveCfg = Debug|x86
		{67E4E8AD-23C4-4C45-8235-A5E5CCBB6772}.DVD-5|x86.Build.0 = Debug|x86
		{67E4E8AD-23C4-4C45-8235-A5E5CCBB6772}.Release|Any CPU.ActiveCfg = Release|x86
		{67E4E8AD-23C4-4C45-8235-A5E5CCBB6772}.Release|Any CPU.Build.0 = Release|x86
		{67E4E8AD-23C4-4C45-8235-A5E5CCBB6772}.Release|Mixed Platforms.ActiveCfg = Release|x86
		{67E4E8AD-23C4-4C45-8235-A5E5CCBB6772}.Release|Mixed Platforms.Build.0 = Release|x86
		{67E4E8AD-23C4-4C45-8235-A5E5CCBB6772}.Release|x86.ActiveCfg = Release|x86
		{67E4E8AD-23C4-4C45-8235-A5E5CCBB6772}.Release|x86.Build.0 = Release|x86
		{67E4E8AD-23C4-4C45-8235-A5E5CCBB6772}.SingleImage|Any CPU.ActiveCfg = Release|Any CPU
		{67E4E8AD-23C4-4C45-8235-A5E5CCBB6772}.SingleImage|Any CPU.Build.0 = Release|Any CPU
		{67E4E8AD-23C4-4C45-8235-A5E5CCBB6772}.SingleImage|Mixed Platforms.ActiveCfg = Release|x86
		{67E4E8AD-23C4-4C45-8235-A5E5CCBB6772}.SingleImage|Mixed Platforms.Build.0 = Release|x86
		{67E4E8AD-23C4-4C45-8235-A5E5CCBB6772}.SingleImage|x86.ActiveCfg = Release|x86
		{67E4E8AD-23C4-4C45-8235-A5E5CCBB6772}.SingleImage|x86.Build.0 = Release|x86
		{855446DC-966F-43FD-89CA-C64495AC75DF}.CD_ROM|Any CPU.ActiveCfg = Release|x86
		{855446DC-966F-43FD-89CA-C64495AC75DF}.CD_ROM|Any CPU.Build.0 = Release|x86
		{855446DC-966F-43FD-89CA-C64495AC75DF}.CD_ROM|Mixed Platforms.ActiveCfg = Release|x86
		{855446DC-966F-43FD-89CA-C64495AC75DF}.CD_ROM|Mixed Platforms.Build.0 = Release|x86
		{855446DC-966F-43FD-89CA-C64495AC75DF}.CD_ROM|x86.ActiveCfg = Release|x86
		{855446DC-966F-43FD-89CA-C64495AC75DF}.CD_ROM|x86.Build.0 = Release|x86
		{855446DC-966F-43FD-89CA-C64495AC75DF}.Debug|Any CPU.ActiveCfg = Debug|x86
		{855446DC-966F-43FD-89CA-C64495AC75DF}.Debug|Any CPU.Build.0 = Debug|x86
		{855446DC-966F-43FD-89CA-C64495AC75DF}.Debug|Mixed Platforms.ActiveCfg = Debug|x86
		{855446DC-966F-43FD-89CA-C64495AC75DF}.Debug|Mixed Platforms.Build.0 = Debug|x86
		{855446DC-966F-43FD-89CA-C64495AC75DF}.Debug|x86.ActiveCfg = Debug|x86
		{855446DC-966F-43FD-89CA-C64495AC75DF}.Debug|x86.Build.0 = Debug|x86
		{855446DC-966F-43FD-89CA-C64495AC75DF}.DVD-5|Any CPU.ActiveCfg = Release|x86
		{855446DC-966F-43FD-89CA-C64495AC75DF}.DVD-5|Any CPU.Build.0 = Release|x86
		{855446DC-966F-43FD-89CA-C64495AC75DF}.DVD-5|Mixed Platforms.ActiveCfg = Debug|x86
		{855446DC-966F-43FD-89CA-C64495AC75DF}.DVD-5|Mixed Platforms.Build.0 = Debug|x86
		{855446DC-966F-43FD-89CA-C64495AC75DF}.DVD-5|x86.ActiveCfg = Debug|x86
		{855446DC-966F-43FD-89CA-C64495AC75DF}.DVD-5|x86.Build.0 = Debug|x86
		{855446DC-966F-43FD-89CA-C64495AC75DF}.Release|Any CPU.ActiveCfg = Release|x86
		{855446DC-966F-43FD-89CA-C64495AC75DF}.Release|Any CPU.Build.0 = Release|x86
		{855446DC-966F-43FD-89CA-C64495AC75DF}.Release|Mixed Platforms.ActiveCfg = Release|x86
		{855446DC-966F-43FD-89CA-C64495AC75DF}.Release|Mixed Platforms.Build.0 = Release|x86
		{855446DC-966F-43FD-89CA-C64495AC75DF}.Release|x86.ActiveCfg = Release|x86
		{855446DC-966F-43FD-89CA-C64495AC75DF}.Release|x86.Build.0 = Release|x86
		{855446DC-966F-43FD-89CA-C64495AC75DF}.SingleImage|Any CPU.ActiveCfg = Release|x86
		{855446DC-966F-43FD-89CA-C64495AC75DF}.SingleImage|Any CPU.Build.0 = Release|x86
		{855446DC-966F-43FD-89CA-C64495AC75DF}.SingleImage|Mixed Platforms.ActiveCfg = Release|x86
		{855446DC-966F-43FD-89CA-C64495AC75DF}.SingleImage|Mixed Platforms.Build.0 = Release|x86
		{855446DC-966F-43FD-89CA-C64495AC75DF}.SingleImage|x86.ActiveCfg = Release|x86
		{855446DC-966F-43FD-89CA-C64495AC75DF}.SingleImage|x86.Build.0 = Release|x86
		{EC310AE4-05E6-4AFD-9397-98FBD5483E7D}.CD_ROM|Any CPU.ActiveCfg = Release|x86
		{EC310AE4-05E6-4AFD-9397-98FBD5483E7D}.CD_ROM|Any CPU.Build.0 = Release|x86
		{EC310AE4-05E6-4AFD-9397-98FBD5483E7D}.CD_ROM|Mixed Platforms.ActiveCfg = Release|x86
		{EC310AE4-05E6-4AFD-9397-98FBD5483E7D}.CD_ROM|Mixed Platforms.Build.0 = Release|x86
		{EC310AE4-05E6-4AFD-9397-98FBD5483E7D}.CD_ROM|x86.ActiveCfg = Release|x86
		{EC310AE4-05E6-4AFD-9397-98FBD5483E7D}.CD_ROM|x86.Build.0 = Release|x86
		{EC310AE4-05E6-4AFD-9397-98FBD5483E7D}.Debug|Any CPU.ActiveCfg = Debug|x86
		{EC310AE4-05E6-4AFD-9397-98FBD5483E7D}.Debug|Any CPU.Build.0 = Debug|x86
		{EC310AE4-05E6-4AFD-9397-98FBD5483E7D}.Debug|Mixed Platforms.ActiveCfg = Debug|x86
		{EC310AE4-05E6-4AFD-9397-98FBD5483E7D}.Debug|Mixed Platforms.Build.0 = Debug|x86
		{EC310AE4-05E6-4AFD-9397-98FBD5483E7D}.Debug|x86.ActiveCfg = Debug|x86
		{EC310AE4-05E6-4AFD-9397-98FBD5483E7D}.Debug|x86.Build.0 = Debug|x86
		{EC310AE4-05E6-4AFD-9397-98FBD5483E7D}.DVD-5|Any CPU.ActiveCfg = Release|x86
		{EC310AE4-05E6-4AFD-9397-98FBD5483E7D}.DVD-5|Any CPU.Build.0 = Release|x86
		{EC310AE4-05E6-4AFD-9397-98FBD5483E7D}.DVD-5|Mixed Platforms.ActiveCfg = Debug|x86
		{EC310AE4-05E6-4AFD-9397-98FBD5483E7D}.DVD-5|Mixed Platforms.Build.0 = Debug|x86
		{EC310AE4-05E6-4AFD-9397-98FBD5483E7D}.DVD-5|x86.ActiveCfg = Debug|x86
		{EC310AE4-05E6-4AFD-9397-98FBD5483E7D}.DVD-5|x86.Build.0 = Debug|x86
		{EC310AE4-05E6-4AFD-9397-98FBD5483E7D}.Release|Any CPU.ActiveCfg = Release|x86
		{EC310AE4-05E6-4AFD-9397-98FBD5483E7D}.Release|Any CPU.Build.0 = Release|x86
		{EC310AE4-05E6-4AFD-9397-98FBD5483E7D}.Release|Mixed Platforms.ActiveCfg = Release|x86
		{EC310AE4-05E6-4AFD-9397-98FBD5483E7D}.Release|Mixed Platforms.Build.0 = Release|x86
		{EC310AE4-05E6-4AFD-9397-98FBD5483E7D}.Release|x86.ActiveCfg = Release|x86
		{EC310AE4-05E6-4AFD-9397-98FBD5483E7D}.Release|x86.Build.0 = Release|x86
		{EC310AE4-05E6-4AFD-9397-98FBD5483E7D}.SingleImage|Any CPU.ActiveCfg = Release|x86
		{EC310AE4-05E6-4AFD-9397-98FBD5483E7D}.SingleImage|Any CPU.Build.0 = Release|x86
		{EC310AE4-05E6-4AFD-9397-98FBD5483E7D}.SingleImage|Mixed Platforms.ActiveCfg = Release|x86
		{EC310AE4-05E6-4AFD-9397-98FBD5483E7D}.SingleImage|Mixed Platforms.Build.0 = Release|x86
		{EC310AE4-05E6-4AFD-9397-98FBD5483E7D}.SingleImage|x86.ActiveCfg = Release|x86
		{EC310AE4-05E6-4AFD-9397-98FBD5483E7D}.SingleImage|x86.Build.0 = Release|x86
		{8F1C625A-B464-42E2-89B5-3038910F804C}.CD_ROM|Any CPU.ActiveCfg = Release|x86
		{8F1C625A-B464-42E2-89B5-3038910F804C}.CD_ROM|Any CPU.Build.0 = Release|x86
		{8F1C625A-B464-42E2-89B5-3038910F804C}.CD_ROM|Mixed Platforms.ActiveCfg = Release|x86
		{8F1C625A-B464-42E2-89B5-3038910F804C}.CD_ROM|Mixed Platforms.Build.0 = Release|x86
		{8F1C625A-B464-42E2-89B5-3038910F804C}.CD_ROM|x86.ActiveCfg = Release|x86
		{8F1C625A-B464-42E2-89B5-3038910F804C}.CD_ROM|x86.Build.0 = Release|x86
		{8F1C625A-B464-42E2-89B5-3038910F804C}.Debug|Any CPU.ActiveCfg = Debug|x86
		{8F1C625A-B464-42E2-89B5-3038910F804C}.Debug|Any CPU.Build.0 = Debug|x86
		{8F1C625A-B464-42E2-89B5-3038910F804C}.Debug|Mixed Platforms.ActiveCfg = Debug|x86
		{8F1C625A-B464-42E2-89B5-3038910F804C}.Debug|Mixed Platforms.Build.0 = Debug|x86
		{8F1C625A-B464-42E2-89B5-3038910F804C}.Debug|x86.ActiveCfg = Debug|x86
		{8F1C625A-B464-42E2-89B5-3038910F804C}.Debug|x86.Build.0 = Debug|x86
		{8F1C625A-B464-42E2-89B5-3038910F804C}.DVD-5|Any CPU.ActiveCfg = Release|x86
		{8F1C625A-B464-42E2-89B5-3038910F804C}.DVD-5|Any CPU.Build.0 = Release|x86
		{8F1C625A-B464-42E2-89B5-3038910F804C}.DVD-5|Mixed Platforms.ActiveCfg = Debug|x86
		{8F1C625A-B464-42E2-89B5-3038910F804C}.DVD-5|Mixed Platforms.Build.0 = Debug|x86
		{8F1C625A-B464-42E2-89B5-3038910F804C}.DVD-5|x86.ActiveCfg = Debug|x86
		{8F1C625A-B464-42E2-89B5-3038910F804C}.DVD-5|x86.Build.0 = Debug|x86
		{8F1C625A-B464-42E2-89B5-3038910F804C}.Release|Any CPU.ActiveCfg = Release|x86
		{8F1C625A-B464-42E2-89B5-3038910F804C}.Release|Any CPU.Build.0 = Release|x86
		{8F1C625A-B464-42E2-89B5-3038910F804C}.Release|Mixed Platforms.ActiveCfg = Release|x86
		{8F1C625A-B464-42E2-89B5-3038910F804C}.Release|Mixed Platforms.Build.0 = Release|x86
		{8F1C625A-B464-42E2-89B5-3038910F804C}.Release|x86.ActiveCfg = Release|x86
		{8F1C625A-B464-42E2-89B5-3038910F804C}.Release|x86.Build.0 = Release|x86
		{8F1C625A-B464-42E2-89B5-3038910F804C}.SingleImage|Any CPU.ActiveCfg = Release|x86
		{8F1C625A-B464-42E2-89B5-3038910F804C}.SingleImage|Any CPU.Build.0 = Release|x86
		{8F1C625A-B464-42E2-89B5-3038910F804C}.SingleImage|Mixed Platforms.ActiveCfg = Release|x86
		{8F1C625A-B464-42E2-89B5-3038910F804C}.SingleImage|Mixed Platforms.Build.0 = Release|x86
		{8F1C625A-B464-42E2-89B5-3038910F804C}.SingleImage|x86.ActiveCfg = Release|x86
		{8F1C625A-B464-42E2-89B5-3038910F804C}.SingleImage|x86.Build.0 = Release|x86
		{DBFD0AC9-0BBA-4BB1-AA77-FA368C5E7D22}.CD_ROM|Any CPU.ActiveCfg = Release|x86
		{DBFD0AC9-0BBA-4BB1-AA77-FA368C5E7D22}.CD_ROM|Any CPU.Build.0 = Release|x86
		{DBFD0AC9-0BBA-4BB1-AA77-FA368C5E7D22}.CD_ROM|Mixed Platforms.ActiveCfg = Release|x86
		{DBFD0AC9-0BBA-4BB1-AA77-FA368C5E7D22}.CD_ROM|Mixed Platforms.Build.0 = Release|x86
		{DBFD0AC9-0BBA-4BB1-AA77-FA368C5E7D22}.CD_ROM|x86.ActiveCfg = Release|x86
		{DBFD0AC9-0BBA-4BB1-AA77-FA368C5E7D22}.CD_ROM|x86.Build.0 = Release|x86
		{DBFD0AC9-0BBA-4BB1-AA77-FA368C5E7D22}.Debug|Any CPU.ActiveCfg = Debug|x86
		{DBFD0AC9-0BBA-4BB1-AA77-FA368C5E7D22}.Debug|Any CPU.Build.0 = Debug|x86
		{DBFD0AC9-0BBA-4BB1-AA77-FA368C5E7D22}.Debug|Mixed Platforms.ActiveCfg = Debug|x86
		{DBFD0AC9-0BBA-4BB1-AA77-FA368C5E7D22}.Debug|Mixed Platforms.Build.0 = Debug|x86
		{DBFD0AC9-0BBA-4BB1-AA77-FA368C5E7D22}.Debug|x86.ActiveCfg = Debug|x86
		{DBFD0AC9-0BBA-4BB1-AA77-FA368C5E7D22}.Debug|x86.Build.0 = Debug|x86
		{DBFD0AC9-0BBA-4BB1-AA77-FA368C5E7D22}.DVD-5|Any CPU.ActiveCfg = Release|x86
		{DBFD0AC9-0BBA-4BB1-AA77-FA368C5E7D22}.DVD-5|Any CPU.Build.0 = Release|x86
		{DBFD0AC9-0BBA-4BB1-AA77-FA368C5E7D22}.DVD-5|Mixed Platforms.ActiveCfg = Debug|x86
		{DBFD0AC9-0BBA-4BB1-AA77-FA368C5E7D22}.DVD-5|Mixed Platforms.Build.0 = Debug|x86
		{DBFD0AC9-0BBA-4BB1-AA77-FA368C5E7D22}.DVD-5|x86.ActiveCfg = Debug|x86
		{DBFD0AC9-0BBA-4BB1-AA77-FA368C5E7D22}.DVD-5|x86.Build.0 = Debug|x86
		{DBFD0AC9-0BBA-4BB1-AA77-FA368C5E7D22}.Release|Any CPU.ActiveCfg = Release|x86
		{DBFD0AC9-0BBA-4BB1-AA77-FA368C5E7D22}.Release|Any CPU.Build.0 = Release|x86
		{DBFD0AC9-0BBA-4BB1-AA77-FA368C5E7D22}.Release|Mixed Platforms.ActiveCfg = Release|x86
		{DBFD0AC9-0BBA-4BB1-AA77-FA368C5E7D22}.Release|Mixed Platforms.Build.0 = Release|x86
		{DBFD0AC9-0BBA-4BB1-AA77-FA368C5E7D22}.Release|x86.ActiveCfg = Release|x86
		{DBFD0AC9-0BBA-4BB1-AA77-FA368C5E7D22}.Release|x86.Build.0 = Release|x86
		{DBFD0AC9-0BBA-4BB1-AA77-FA368C5E7D22}.SingleImage|Any CPU.ActiveCfg = Release|x86
		{DBFD0AC9-0BBA-4BB1-AA77-FA368C5E7D22}.SingleImage|Any CPU.Build.0 = Release|x86
		{DBFD0AC9-0BBA-4BB1-AA77-FA368C5E7D22}.SingleImage|Mixed Platforms.ActiveCfg = Release|x86
		{DBFD0AC9-0BBA-4BB1-AA77-FA368C5E7D22}.SingleImage|Mixed Platforms.Build.0 = Release|x86
		{DBFD0AC9-0BBA-4BB1-AA77-FA368C5E7D22}.SingleImage|x86.ActiveCfg = Release|x86
		{DBFD0AC9-0BBA-4BB1-AA77-FA368C5E7D22}.SingleImage|x86.Build.0 = Release|x86
		{0E7569DE-7FB9-4C7D-8049-77DA898BF0DA}.CD_ROM|Any CPU.ActiveCfg = Release|x86
		{0E7569DE-7FB9-4C7D-8049-77DA898BF0DA}.CD_ROM|Any CPU.Build.0 = Release|x86
		{0E7569DE-7FB9-4C7D-8049-77DA898BF0DA}.CD_ROM|Mixed Platforms.ActiveCfg = Release|x86
		{0E7569DE-7FB9-4C7D-8049-77DA898BF0DA}.CD_ROM|Mixed Platforms.Build.0 = Release|x86
		{0E7569DE-7FB9-4C7D-8049-77DA898BF0DA}.CD_ROM|x86.ActiveCfg = Release|x86
		{0E7569DE-7FB9-4C7D-8049-77DA898BF0DA}.CD_ROM|x86.Build.0 = Release|x86
		{0E7569DE-7FB9-4C7D-8049-77DA898BF0DA}.Debug|Any CPU.ActiveCfg = Debug|x86
		{0E7569DE-7FB9-4C7D-8049-77DA898BF0DA}.Debug|Any CPU.Build.0 = Debug|x86
		{0E7569DE-7FB9-4C7D-8049-77DA898BF0DA}.Debug|Mixed Platforms.ActiveCfg = Debug|x86
		{0E7569DE-7FB9-4C7D-8049-77DA898BF0DA}.Debug|Mixed Platforms.Build.0 = Debug|x86
		{0E7569DE-7FB9-4C7D-8049-77DA898BF0DA}.Debug|x86.ActiveCfg = Debug|x86
		{0E7569DE-7FB9-4C7D-8049-77DA898BF0DA}.Debug|x86.Build.0 = Debug|x86
		{0E7569DE-7FB9-4C7D-8049-77DA898BF0DA}.DVD-5|Any CPU.ActiveCfg = Release|x86
		{0E7569DE-7FB9-4C7D-8049-77DA898BF0DA}.DVD-5|Any CPU.Build.0 = Release|x86
		{0E7569DE-7FB9-4C7D-8049-77DA898BF0DA}.DVD-5|Mixed Platforms.ActiveCfg = Debug|x86
		{0E7569DE-7FB9-4C7D-8049-77DA898BF0DA}.DVD-5|Mixed Platforms.Build.0 = Debug|x86
		{0E7569DE-7FB9-4C7D-8049-77DA898BF0DA}.DVD-5|x86.ActiveCfg = Debug|x86
		{0E7569DE-7FB9-4C7D-8049-77DA898BF0DA}.DVD-5|x86.Build.0 = Debug|x86
		{0E7569DE-7FB9-4C7D-8049-77DA898BF0DA}.Release|Any CPU.ActiveCfg = Release|x86
		{0E7569DE-7FB9-4C7D-8049-77DA898BF0DA}.Release|Any CPU.Build.0 = Release|x86
		{0E7569DE-7FB9-4C7D-8049-77DA898BF0DA}.Release|Mixed Platforms.ActiveCfg = Release|x86
		{0E7569DE-7FB9-4C7D-8049-77DA898BF0DA}.Release|Mixed Platforms.Build.0 = Release|x86
		{0E7569DE-7FB9-4C7D-8049-77DA898BF0DA}.Release|x86.ActiveCfg = Release|x86
		{0E7569DE-7FB9-4C7D-8049-77DA898BF0DA}.Release|x86.Build.0 = Release|x86
		{0E7569DE-7FB9-4C7D-8049-77DA898BF0DA}.SingleImage|Any CPU.ActiveCfg = Release|x86
		{0E7569DE-7FB9-4C7D-8049-77DA898BF0DA}.SingleImage|Any CPU.Build.0 = Release|x86
		{0E7569DE-7FB9-4C7D-8049-77DA898BF0DA}.SingleImage|Mixed Platforms.ActiveCfg = Release|x86
		{0E7569DE-7FB9-4C7D-8049-77DA898BF0DA}.SingleImage|Mixed Platforms.Build.0 = Release|x86
		{0E7569DE-7FB9-4C7D-8049-77DA898BF0DA}.SingleImage|x86.ActiveCfg = Release|x86
		{0E7569DE-7FB9-4C7D-8049-77DA898BF0DA}.SingleImage|x86.Build.0 = Release|x86
		{1F5D209D-0F2F-4860-AB9F-9F427D651A60}.CD_ROM|Any CPU.ActiveCfg = Release|Any CPU
		{1F5D209D-0F2F-4860-AB9F-9F427D651A60}.CD_ROM|Any CPU.Build.0 = Release|Any CPU
		{1F5D209D-0F2F-4860-AB9F-9F427D651A60}.CD_ROM|Mixed Platforms.ActiveCfg = Release|Any CPU
		{1F5D209D-0F2F-4860-AB9F-9F427D651A60}.CD_ROM|Mixed Platforms.Build.0 = Release|Any CPU
		{1F5D209D-0F2F-4860-AB9F-9F427D651A60}.CD_ROM|x86.ActiveCfg = Release|Any CPU
		{1F5D209D-0F2F-4860-AB9F-9F427D651A60}.CD_ROM|x86.Build.0 = Release|Any CPU
		{1F5D209D-0F2F-4860-AB9F-9F427D651A60}.Debug|Any CPU.ActiveCfg = Debug|Any CPU
		{1F5D209D-0F2F-4860-AB9F-9F427D651A60}.Debug|Any CPU.Build.0 = Debug|Any CPU
		{1F5D209D-0F2F-4860-AB9F-9F427D651A60}.Debug|Mixed Platforms.ActiveCfg = Debug|x86
		{1F5D209D-0F2F-4860-AB9F-9F427D651A60}.Debug|Mixed Platforms.Build.0 = Debug|x86
		{1F5D209D-0F2F-4860-AB9F-9F427D651A60}.Debug|x86.ActiveCfg = Debug|Any CPU
		{1F5D209D-0F2F-4860-AB9F-9F427D651A60}.DVD-5|Any CPU.ActiveCfg = Debug|Any CPU
		{1F5D209D-0F2F-4860-AB9F-9F427D651A60}.DVD-5|Any CPU.Build.0 = Debug|Any CPU
		{1F5D209D-0F2F-4860-AB9F-9F427D651A60}.DVD-5|Mixed Platforms.ActiveCfg = Debug|Any CPU
		{1F5D209D-0F2F-4860-AB9F-9F427D651A60}.DVD-5|Mixed Platforms.Build.0 = Debug|Any CPU
		{1F5D209D-0F2F-4860-AB9F-9F427D651A60}.DVD-5|x86.ActiveCfg = Debug|Any CPU
		{1F5D209D-0F2F-4860-AB9F-9F427D651A60}.DVD-5|x86.Build.0 = Debug|Any CPU
		{1F5D209D-0F2F-4860-AB9F-9F427D651A60}.Release|Any CPU.ActiveCfg = Release|Any CPU
		{1F5D209D-0F2F-4860-AB9F-9F427D651A60}.Release|Any CPU.Build.0 = Release|Any CPU
		{1F5D209D-0F2F-4860-AB9F-9F427D651A60}.Release|Mixed Platforms.ActiveCfg = Release|Any CPU
		{1F5D209D-0F2F-4860-AB9F-9F427D651A60}.Release|Mixed Platforms.Build.0 = Release|Any CPU
		{1F5D209D-0F2F-4860-AB9F-9F427D651A60}.Release|x86.ActiveCfg = Release|Any CPU
		{1F5D209D-0F2F-4860-AB9F-9F427D651A60}.SingleImage|Any CPU.ActiveCfg = Release|Any CPU
		{1F5D209D-0F2F-4860-AB9F-9F427D651A60}.SingleImage|Any CPU.Build.0 = Release|Any CPU
		{1F5D209D-0F2F-4860-AB9F-9F427D651A60}.SingleImage|Mixed Platforms.ActiveCfg = Release|Any CPU
		{1F5D209D-0F2F-4860-AB9F-9F427D651A60}.SingleImage|Mixed Platforms.Build.0 = Release|Any CPU
		{1F5D209D-0F2F-4860-AB9F-9F427D651A60}.SingleImage|x86.ActiveCfg = Release|Any CPU
		{1F5D209D-0F2F-4860-AB9F-9F427D651A60}.SingleImage|x86.Build.0 = Release|Any CPU
		{FDBF295F-100D-4DDC-8512-630847A0EBD7}.CD_ROM|Any CPU.ActiveCfg = Debug
		{FDBF295F-100D-4DDC-8512-630847A0EBD7}.CD_ROM|Any CPU.Build.0 = Debug
		{FDBF295F-100D-4DDC-8512-630847A0EBD7}.CD_ROM|Mixed Platforms.ActiveCfg = Debug
		{FDBF295F-100D-4DDC-8512-630847A0EBD7}.CD_ROM|Mixed Platforms.Build.0 = Debug
		{FDBF295F-100D-4DDC-8512-630847A0EBD7}.CD_ROM|x86.ActiveCfg = Debug
		{FDBF295F-100D-4DDC-8512-630847A0EBD7}.CD_ROM|x86.Build.0 = Debug
		{FDBF295F-100D-4DDC-8512-630847A0EBD7}.Debug|Any CPU.ActiveCfg = Debug
		{FDBF295F-100D-4DDC-8512-630847A0EBD7}.Debug|Mixed Platforms.ActiveCfg = Debug
		{FDBF295F-100D-4DDC-8512-630847A0EBD7}.Debug|x86.ActiveCfg = Debug
		{FDBF295F-100D-4DDC-8512-630847A0EBD7}.Debug|x86.Build.0 = Debug
		{FDBF295F-100D-4DDC-8512-630847A0EBD7}.DVD-5|Any CPU.ActiveCfg = Debug
		{FDBF295F-100D-4DDC-8512-630847A0EBD7}.DVD-5|Any CPU.Build.0 = Debug
		{FDBF295F-100D-4DDC-8512-630847A0EBD7}.DVD-5|Mixed Platforms.ActiveCfg = Debug
		{FDBF295F-100D-4DDC-8512-630847A0EBD7}.DVD-5|Mixed Platforms.Build.0 = Debug
		{FDBF295F-100D-4DDC-8512-630847A0EBD7}.DVD-5|x86.ActiveCfg = Debug
		{FDBF295F-100D-4DDC-8512-630847A0EBD7}.DVD-5|x86.Build.0 = Debug
		{FDBF295F-100D-4DDC-8512-630847A0EBD7}.Release|Any CPU.ActiveCfg = Release
		{FDBF295F-100D-4DDC-8512-630847A0EBD7}.Release|Any CPU.Build.0 = Release
		{FDBF295F-100D-4DDC-8512-630847A0EBD7}.Release|Mixed Platforms.ActiveCfg = Release
		{FDBF295F-100D-4DDC-8512-630847A0EBD7}.Release|Mixed Platforms.Build.0 = Release
		{FDBF295F-100D-4DDC-8512-630847A0EBD7}.Release|x86.ActiveCfg = Release
		{FDBF295F-100D-4DDC-8512-630847A0EBD7}.Release|x86.Build.0 = Release
		{FDBF295F-100D-4DDC-8512-630847A0EBD7}.SingleImage|Any CPU.ActiveCfg = Debug
		{FDBF295F-100D-4DDC-8512-630847A0EBD7}.SingleImage|Any CPU.Build.0 = Debug
		{FDBF295F-100D-4DDC-8512-630847A0EBD7}.SingleImage|Mixed Platforms.ActiveCfg = Debug
		{FDBF295F-100D-4DDC-8512-630847A0EBD7}.SingleImage|Mixed Platforms.Build.0 = Debug
		{FDBF295F-100D-4DDC-8512-630847A0EBD7}.SingleImage|x86.ActiveCfg = Debug
		{FDBF295F-100D-4DDC-8512-630847A0EBD7}.SingleImage|x86.Build.0 = Debug
	EndGlobalSection
	GlobalSection(SolutionProperties) = preSolution
		HideSolutionNode = FALSE
	EndGlobalSection
	GlobalSection(NestedProjects) = preSolution
		{8F1C625A-B464-42E2-89B5-3038910F804C} = {7155D5A5-DD9B-446F-8539-6E9CEE7005CA}
		{DBFD0AC9-0BBA-4BB1-AA77-FA368C5E7D22} = {7155D5A5-DD9B-446F-8539-6E9CEE7005CA}
		{0E7569DE-7FB9-4C7D-8049-77DA898BF0DA} = {7155D5A5-DD9B-446F-8539-6E9CEE7005CA}
	EndGlobalSection
	GlobalSection(ExtensibilityGlobals) = postSolution
		SolutionGuid = {98D8C4D5-C9BD-43A2-8971-011E35408113}
	EndGlobalSection
EndGlobal
